
Microsoft Visual Studio Solution File, Format Version 12.00
# Visual Studio Version 17
VisualStudioVersion = 17.6.33723.286
MinimumVisualStudioVersion = 10.0.40219.1
Project("{FAE04EC0-301F-11D3-BF4B-00C04F79EFBC}") = "WindowsFormsApp1", "WindowsFormsApp1\WindowsFormsApp1.csproj", "{318639D0-CE31-45EF-9A15-E2DE08FDEBBC}"
EndProject
Global
	GlobalSection(SolutionConfigurationPlatforms) = preSolution
		Debug|Any CPU = Debug|Any CPU
		Release|Any CPU = Release|Any CPU
	EndGlobalSection
	GlobalSection(ProjectConfigurationPlatforms) = postSolution
		{318639D0-CE31-45EF-9A15-E2DE08FDEBBC}.Debug|Any CPU.ActiveCfg = Debug|Any CPU
		{318639D0-CE31-45EF-9A15-E2DE08FDEBBC}.Debug|Any CPU.Build.0 = Debug|Any CPU
		{318639D0-CE31-45EF-9A15-E2DE08FDEBBC}.Release|Any CPU.ActiveCfg = Release|Any CPU
		{318639D0-CE31-45EF-9A15-E2DE08FDEBBC}.Release|Any CPU.Build.0 = Release|Any CPU
	EndGlobalSection
	GlobalSection(SolutionProperties) = preSolution
		HideSolutionNode = FALSE
	EndGlobalSection
	GlobalSection(ExtensibilityGlobals) = postSolution
		SolutionGuid = {94CE3EC6-9A4A-49CC-ABF3-12A265F1BAA1}
	EndGlobalSection
EndGlobal
